{
  "name": "@writetome51/get-random-integer-s",
  "version": "1.0.3",
  "lockfileVersion": 1,
  "requires": true,
  "dependencies": {
    "@writetome51/get-left-of-decimal": {
      "version": "1.0.4",
      "resolved": "https://registry.npmjs.org/@writetome51/get-left-of-decimal/-/get-left-of-decimal-1.0.4.tgz",
      "integrity": "sha512-7JYs3MAGAfkC098odGFcaBSVduoXfgEZuq5/Jwvj7ED+ip5iwNHu30NFphZlAR/iY66+zeLi3uGlBTJCVwqong==",
      "requires": {
        "basic-data-handling": "~1.0.15"
      }
    },
    "@writetome51/get-rounded-up-down": {
      "version": "1.0.9",
      "resolved": "https://registry.npmjs.org/@writetome51/get-rounded-up-down/-/get-rounded-up-down-1.0.9.tgz",
      "integrity": "sha512-4NV4xMOsF+PvZiNCdW/UJm+cM5hLTjLYKSlUcIbMauzHL6sgNdnfg678WuCWcxrOP2pLpz6riY4vJa0cgLOzQA==",
      "requires": {
        "@writetome51/get-left-of-decimal": "~1.0.4",
        "basic-data-handling": "~1.0.15"
      }
    },
    "@writetome51/in-range": {
      "version": "1.0.3",
      "resolved": "https://registry.npmjs.org/@writetome51/in-range/-/in-range-1.0.3.tgz",
      "integrity": "sha512-ec6cHmz0Km7RlBb6ya3y535p0gTLCTqycVw+IERiKgeIrNW+7X1rxSSsvOY1iXBFtRWpUx8yGGzEGE02o4sOBg==",
      "requires": {
        "basic-data-handling": "~1.0.15"
      }
    },
    "basic-data-handling": {
      "version": "1.0.15",
      "resolved": "https://registry.npmjs.org/basic-data-handling/-/basic-data-handling-1.0.15.tgz",
      "integrity": "sha512-HyXRwPTfhKacukW4mMJl+3IsFC+5NzMr9flzp+XBJhHol0eAZzLxYqP7w3Cme3cziKcshzoO7Zf/9C+bewJWpA=="
    },
    "error-if-not-populated-array": {
      "version": "1.0.1",
      "resolved": "https://registry.npmjs.org/error-if-not-populated-array/-/error-if-not-populated-array-1.0.1.tgz",
      "integrity": "sha512-XKN0WUVUNrDOsB1PuBRQJ4/tVOeFceioLm+QPOpCkQaZlD9vVYZf+pRrFIoiqzVno7bx7AI2lNIfMWf7gRarvg==",
      "requires": {
        "basic-data-handling": "~1.0.13"
      }
    }
  }
}
