{
  "name": "@writetome51/get-random-integer-s",
  "version": "1.0.5",
  "lockfileVersion": 1,
  "requires": true,
  "dependencies": {
    "@writetome51/get-left-of-decimal": {
      "version": "2.0.0",
      "resolved": "https://registry.npmjs.org/@writetome51/get-left-of-decimal/-/get-left-of-decimal-2.0.0.tgz",
      "integrity": "sha512-dGgsOIIQ7ynIXe4dWyPShfebmfxEjaFMD7Mdsodka+OQEvdBrFvtkIDqQttMGo7l0JXz1bs321LdCgorxhuAZw==",
      "requires": {
        "error-if-not-finite-number": "^2.0.0"
      }
    },
    "@writetome51/get-rounded-up-down": {
      "version": "2.0.0",
      "resolved": "https://registry.npmjs.org/@writetome51/get-rounded-up-down/-/get-rounded-up-down-2.0.0.tgz",
      "integrity": "sha512-YN+fZtfCEI3OE1+Nzyanvp8/MSculkYdwC7VoccGt+7N1Oi1brwpsVbQnuQfvvcgH9zJ5qmYrmbVl129duPw5w==",
      "requires": {
        "@writetome51/get-left-of-decimal": "^2.0.0",
        "@writetome51/is-integer-is-float": "^2.0.0",
        "error-if-not-finite-number": "^2.0.0"
      }
    },
    "@writetome51/in-range": {
      "version": "2.0.0",
      "resolved": "https://registry.npmjs.org/@writetome51/in-range/-/in-range-2.0.0.tgz",
      "integrity": "sha512-/+wsoyWDBVERn9Hajpe9B9XVyJWuZdZKd/ICl7BbwIItLIC4kilLw19ltjqQzjgXm51j+johX4//NedBHN2kAw==",
      "dev": true,
      "requires": {
        "error-if-not-finite-number": "^2.0.0"
      }
    },
    "@writetome51/is-finite-number": {
      "version": "2.0.0",
      "resolved": "https://registry.npmjs.org/@writetome51/is-finite-number/-/is-finite-number-2.0.0.tgz",
      "integrity": "sha512-mVQxcMuSjRZvG2MxM4KFerGLNuhaeoVR7vC6itSnx/DNTENm0YHPNqh4E7FqjMt94pnis/iwhSnSpKouf88CDA=="
    },
    "@writetome51/is-integer-is-float": {
      "version": "2.0.0",
      "resolved": "https://registry.npmjs.org/@writetome51/is-integer-is-float/-/is-integer-is-float-2.0.0.tgz",
      "integrity": "sha512-5SbWU1X1mAqm4expj+/g0+j5oQojH0JTa9uDwALpsZHgZZ2wkRGwqI0pvWLAw1BVCOWhPycC1AMjGCj/ZnfN0g==",
      "requires": {
        "@writetome51/is-finite-number": "^2.0.0"
      }
    },
    "error-if-length-is-zero": {
      "version": "1.0.1",
      "resolved": "https://registry.npmjs.org/error-if-length-is-zero/-/error-if-length-is-zero-1.0.1.tgz",
      "integrity": "sha512-UB2bqtLZ9lpexrsjQbH6UkdBJpmeesBQZHGEYwOFoiKReRuQlG/cODCOMNY+Fq8EFyeF1gg99eMSjdztqUEQqA=="
    },
    "error-if-not-finite-number": {
      "version": "2.0.0",
      "resolved": "https://registry.npmjs.org/error-if-not-finite-number/-/error-if-not-finite-number-2.0.0.tgz",
      "integrity": "sha512-CBxJ+SqnHf1uVCQ9v8777aEC6UxQ3NNoSjDrOgr3iaT9m7LxUf9vFwKBPONTLfGnWFVCirH6KdHNTI2+4lT8cQ==",
      "requires": {
        "@writetome51/is-finite-number": "^2.0.0"
      }
    },
    "error-if-not-integer": {
      "version": "2.0.0",
      "resolved": "https://registry.npmjs.org/error-if-not-integer/-/error-if-not-integer-2.0.0.tgz",
      "integrity": "sha512-jCDTtwK4fZVn0DNJKXYCynF/B+AUG9Ge3snFw4fq2nYzT1c1uTeWvPDXxRT4OKpNjIeOUhxzJmqb4KLwLETjQg==",
      "requires": {
        "@writetome51/is-integer-is-float": "^2.0.0",
        "error-if-not-finite-number": "^2.0.0"
      }
    },
    "error-if-not-integer-zero-or-greater": {
      "version": "2.0.0",
      "resolved": "https://registry.npmjs.org/error-if-not-integer-zero-or-greater/-/error-if-not-integer-zero-or-greater-2.0.0.tgz",
      "integrity": "sha512-xWxRI6EsaSCSC9WYVyQEUw3W23pvJ6gFh2vRi4L25csGOsKw7sW3FtK3FQNN2QhKmzQaZqJVbfhpLbTvSoG4GQ==",
      "requires": {
        "error-if-not-integer": "^2.0.0"
      }
    }
  }
}
